{
  "name": "formacion-html-css-sass",
  "version": "1.0.0",
  "lockfileVersion": 1,
  "requires": true,
  "dependencies": {
    "async": {
      "version": "2.6.3",
      "resolved": "https://artifactsrepository-tc.shared-nonprod.cloud.si.orange.es/artifactory/api/npm/npm-group-repo/async/-/async-2.6.3.tgz",
      "integrity": "sha1-1yYl4jRKNlbjo61Pp0n6gymdgv8=",
      "requires": {
        "lodash": "^4.17.14"
      }
    },
    "balanced-match": {
      "version": "1.0.0",
      "resolved": "https://registry.npmjs.org/balanced-match/-/balanced-match-1.0.0.tgz",
      "integrity": "sha1-ibTRmasr7kneFk6gK4nORi1xt2c="
    },
    "basic-auth": {
      "version": "1.1.0",
      "resolved": "https://artifactsrepository-tc.shared-nonprod.cloud.si.orange.es/artifactory/api/npm/npm-group-repo/basic-auth/-/basic-auth-1.1.0.tgz",
      "integrity": "sha1-RSIe5Cn37h5QNb4/UVM/HN/SmIQ="
    },
    "brace-expansion": {
      "version": "1.1.11",
      "resolved": "https://registry.npmjs.org/brace-expansion/-/brace-expansion-1.1.11.tgz",
      "integrity": "sha512-iCuPHDFgrHX7H2vEI/5xpz07zSHB00TpugqhmYtVmMO6518mCuRMoOYFldEBl0g187ufozdaHgWKcYFb61qGiA==",
      "requires": {
        "balanced-match": "^1.0.0",
        "concat-map": "0.0.1"
      }
    },
    "colorette": {
      "version": "1.2.1",
      "resolved": "https://registry.npmjs.org/colorette/-/colorette-1.2.1.tgz",
      "integrity": "sha512-puCDz0CzydiSYOrnXpz/PKd69zRrribezjtE9yd4zvytoRc8+RY/KJPvtPFKZS3E3wP6neGyMe0vOTlHO5L3Pw=="
    },
    "colors": {
      "version": "1.4.0",
      "resolved": "https://artifactsrepository-tc.shared-nonprod.cloud.si.orange.es/artifactory/api/npm/npm-group-repo/colors/-/colors-1.4.0.tgz",
      "integrity": "sha1-xQSRR51MG9rtLJztMs98fcI2D3g="
    },
    "concat-map": {
      "version": "0.0.1",
      "resolved": "https://registry.npmjs.org/concat-map/-/concat-map-0.0.1.tgz",
      "integrity": "sha1-2Klr13/Wjfd5OnMDajug1UBdR3s="
    },
    "corser": {
      "version": "2.0.1",
      "resolved": "https://artifactsrepository-tc.shared-nonprod.cloud.si.orange.es/artifactory/api/npm/npm-group-repo/corser/-/corser-2.0.1.tgz",
      "integrity": "sha1-jtolLsqrWEDc2XXOuQ2TcMgZ/4c="
    },
    "cuint": {
      "version": "0.2.2",
      "resolved": "https://registry.npmjs.org/cuint/-/cuint-0.2.2.tgz",
      "integrity": "sha1-QICG1AlVDCYxFVYZ6fp7ytw7mRs="
    },
    "debug": {
      "version": "3.2.6",
      "resolved": "https://artifactsrepository-tc.shared-nonprod.cloud.si.orange.es/artifactory/api/npm/npm-group-repo/debug/-/debug-3.2.6.tgz",
      "integrity": "sha1-6D0X3hbYp++3cX7b5fsQE17uYps=",
      "requires": {
        "ms": "^2.1.1"
      }
    },
    "ecstatic": {
      "version": "3.3.2",
      "resolved": "https://artifactsrepository-tc.shared-nonprod.cloud.si.orange.es/artifactory/api/npm/npm-group-repo/ecstatic/-/ecstatic-3.3.2.tgz",
      "integrity": "sha1-bR3UmBTQBZRoLGUq22YHamnUbEg=",
      "requires": {
        "he": "^1.1.1",
        "mime": "^1.6.0",
        "minimist": "^1.1.0",
        "url-join": "^2.0.5"
      }
    },
    "eventemitter3": {
      "version": "4.0.7",
      "resolved": "https://artifactsrepository-tc.shared-nonprod.cloud.si.orange.es/artifactory/api/npm/npm-group-repo/eventemitter3/-/eventemitter3-4.0.7.tgz",
      "integrity": "sha1-Lem2j2Uo1WRO9cWVJqG0oHMGFp8="
    },
    "follow-redirects": {
      "version": "1.13.0",
      "resolved": "https://artifactsrepository-tc.shared-nonprod.cloud.si.orange.es/artifactory/api/npm/npm-group-repo/follow-redirects/-/follow-redirects-1.13.0.tgz",
      "integrity": "sha1-tC6Nk6Kn7qXtiGM2dtZZe8jjhNs="
    },
    "fs": {
      "version": "0.0.1-security",
      "resolved": "https://registry.npmjs.org/fs/-/fs-0.0.1-security.tgz",
      "integrity": "sha1-invTcYa23d84E/I4WLV+yq9eQdQ="
    },
    "he": {
      "version": "1.2.0",
      "resolved": "https://artifactsrepository-tc.shared-nonprod.cloud.si.orange.es/artifactory/api/npm/npm-group-repo/he/-/he-1.2.0.tgz",
      "integrity": "sha1-hK5l+n6vsWX922FWauFLrwVmTw8="
    },
    "http-proxy": {
      "version": "1.18.1",
      "resolved": "https://artifactsrepository-tc.shared-nonprod.cloud.si.orange.es/artifactory/api/npm/npm-group-repo/http-proxy/-/http-proxy-1.18.1.tgz",
      "integrity": "sha1-QBVB8FNIhLv5UmAzTnL4juOXZUk=",
      "requires": {
        "eventemitter3": "^4.0.0",
        "follow-redirects": "^1.0.0",
        "requires-port": "^1.0.0"
      }
    },
    "http-server": {
      "version": "0.12.3",
      "resolved": "https://artifactsrepository-tc.shared-nonprod.cloud.si.orange.es/artifactory/api/npm/npm-group-repo/http-server/-/http-server-0.12.3.tgz",
      "integrity": "sha1-ugRx0OzEJYhmFss1xPryeRQKDTc=",
      "requires": {
        "basic-auth": "^1.0.3",
        "colors": "^1.4.0",
        "corser": "^2.0.1",
        "ecstatic": "^3.3.2",
        "http-proxy": "^1.18.0",
        "minimist": "^1.2.5",
        "opener": "^1.5.1",
        "portfinder": "^1.0.25",
        "secure-compare": "3.0.1",
        "union": "~0.5.0"
      }
    },
    "isarray": {
      "version": "1.0.0",
      "resolved": "https://registry.npmjs.org/isarray/-/isarray-1.0.0.tgz",
      "integrity": "sha1-u5NdSFgsuhaMBoNJV6VKPgcSTxE="
    },
    "isobject": {
      "version": "2.1.0",
      "resolved": "https://registry.npmjs.org/isobject/-/isobject-2.1.0.tgz",
      "integrity": "sha1-8GVWEJaj8dou9GJy+BXIQNh+DIk=",
      "requires": {
        "isarray": "1.0.0"
      }
    },
    "line-column": {
      "version": "1.0.2",
      "resolved": "https://registry.npmjs.org/line-column/-/line-column-1.0.2.tgz",
      "integrity": "sha1-0lryk2tvSEkXKzEuR5LR2Ye8NKI=",
      "requires": {
        "isarray": "^1.0.0",
        "isobject": "^2.0.0"
      }
    },
    "lodash": {
      "version": "4.17.20",
      "resolved": "https://artifactsrepository-tc.shared-nonprod.cloud.si.orange.es/artifactory/api/npm/npm-group-repo/lodash/-/lodash-4.17.20.tgz",
      "integrity": "sha1-tEqbYpe8tpjxxRo1RaKzs2jVnFI="
    },
    "make-dir": {
      "version": "3.1.0",
      "resolved": "https://registry.npmjs.org/make-dir/-/make-dir-3.1.0.tgz",
      "integrity": "sha512-g3FeP20LNwhALb/6Cz6Dd4F2ngze0jz7tbzrD2wAV+o9FeNHe4rL+yK2md0J/fiSf1sa1ADhXqi5+oVwOM/eGw==",
      "requires": {
        "semver": "^6.0.0"
      }
    },
    "mime": {
      "version": "1.6.0",
      "resolved": "https://artifactsrepository-tc.shared-nonprod.cloud.si.orange.es/artifactory/api/npm/npm-group-repo/mime/-/mime-1.6.0.tgz",
      "integrity": "sha1-Ms2eXGRVO9WNGaVor0Uqz/BJgbE="
    },
    "minimatch": {
      "version": "3.0.4",
      "resolved": "https://registry.npmjs.org/minimatch/-/minimatch-3.0.4.tgz",
      "integrity": "sha512-yJHVQEhyqPLUTgt9B83PXu6W3rx4MvvHvSUvToogpwoGDOUQ+yDrR0HRot+yOCdCO7u4hX3pWft6kWBBcqh0UA==",
      "requires": {
        "brace-expansion": "^1.1.7"
      }
    },
    "minimist": {
      "version": "1.2.5",
      "resolved": "https://artifactsrepository-tc.shared-nonprod.cloud.si.orange.es/artifactory/api/npm/npm-group-repo/minimist/-/minimist-1.2.5.tgz",
      "integrity": "sha1-Z9ZgFLZqaoqqDAg8X9WN9OTpdgI="
    },
    "mkdirp": {
      "version": "0.5.5",
      "resolved": "https://artifactsrepository-tc.shared-nonprod.cloud.si.orange.es/artifactory/api/npm/npm-group-repo/mkdirp/-/mkdirp-0.5.5.tgz",
      "integrity": "sha1-2Rzv1i0UNsoPQWIOJRKI1CAJne8=",
      "requires": {
        "minimist": "^1.2.5"
      }
    },
    "ms": {
      "version": "2.1.2",
      "resolved": "https://artifactsrepository-tc.shared-nonprod.cloud.si.orange.es/artifactory/api/npm/npm-group-repo/ms/-/ms-2.1.2.tgz",
      "integrity": "sha1-0J0fNXtEP0kzgqjrPM0YOHKuYAk="
    },
    "nanoid": {
      "version": "3.1.16",
      "resolved": "https://registry.npmjs.org/nanoid/-/nanoid-3.1.16.tgz",
      "integrity": "sha512-+AK8MN0WHji40lj8AEuwLOvLSbWYApQpre/aFJZD71r43wVRLrOYS4FmJOPQYon1TqB462RzrrxlfA74XRES8w=="
    },
    "opener": {
      "version": "1.5.2",
      "resolved": "https://artifactsrepository-tc.shared-nonprod.cloud.si.orange.es/artifactory/api/npm/npm-group-repo/opener/-/opener-1.5.2.tgz",
      "integrity": "sha1-XTfh81B3udysQwE3InGv3rKhNZg="
    },
    "portfinder": {
      "version": "1.0.28",
      "resolved": "https://artifactsrepository-tc.shared-nonprod.cloud.si.orange.es/artifactory/api/npm/npm-group-repo/portfinder/-/portfinder-1.0.28.tgz",
      "integrity": "sha1-Z8RiKFK9U3TdHdkA93n1NGL6x3g=",
      "requires": {
        "async": "^2.6.2",
        "debug": "^3.1.1",
        "mkdirp": "^0.5.5"
      }
    },
    "postcss": {
      "version": "8.1.7",
      "resolved": "https://registry.npmjs.org/postcss/-/postcss-8.1.7.tgz",
      "integrity": "sha512-llCQW1Pz4MOPwbZLmOddGM9eIJ8Bh7SZ2Oj5sxZva77uVaotYDsYTch1WBTNu7fUY0fpWp0fdt7uW40D4sRiiQ==",
      "requires": {
        "colorette": "^1.2.1",
        "line-column": "^1.0.2",
        "nanoid": "^3.1.16",
        "source-map": "^0.6.1"
      }
    },
    "postcss-url": {
      "version": "10.1.0",
      "resolved": "https://registry.npmjs.org/postcss-url/-/postcss-url-10.1.0.tgz",
      "integrity": "sha512-udlfKhzFrLtI5VOnpK0/n4zQkX7At7Xk/eiNTJ47UNFuGJTKhxmQgSEyTaLPXceiAQmB/NiGrV0okYA9tsR9Lw==",
      "requires": {
        "make-dir": "3.1.0",
        "mime": "2.3.1",
        "minimatch": "3.0.4",
        "xxhashjs": "0.2.1"
      },
      "dependencies": {
        "mime": {
          "version": "2.3.1",
          "resolved": "https://registry.npmjs.org/mime/-/mime-2.3.1.tgz",
          "integrity": "sha512-OEUllcVoydBHGN1z84yfQDimn58pZNNNXgZlHXSboxMlFvgI6MXSWpWKpFRra7H1HxpVhHTkrghfRW49k6yjeg=="
        }
      }
    },
    "qs": {
      "version": "6.9.4",
      "resolved": "https://artifactsrepository-tc.shared-nonprod.cloud.si.orange.es/artifactory/api/npm/npm-group-repo/qs/-/qs-6.9.4.tgz",
      "integrity": "sha1-kJCykNH5FyjTwi5UhDykSupatoc="
    },
    "requires-port": {
      "version": "1.0.0",
      "resolved": "https://artifactsrepository-tc.shared-nonprod.cloud.si.orange.es/artifactory/api/npm/npm-group-repo/requires-port/-/requires-port-1.0.0.tgz",
      "integrity": "sha1-kl0mAdOaxIXgkc8NpcbmlNw9yv8="
    },
    "secure-compare": {
      "version": "3.0.1",
      "resolved": "https://artifactsrepository-tc.shared-nonprod.cloud.si.orange.es/artifactory/api/npm/npm-group-repo/secure-compare/-/secure-compare-3.0.1.tgz",
      "integrity": "sha1-8aAymzCLIh+uN7mXTz1XjQypmeM="
    },
    "semver": {
      "version": "6.3.0",
      "resolved": "https://registry.npmjs.org/semver/-/semver-6.3.0.tgz",
      "integrity": "sha512-b39TBaTSfV6yBrapU89p5fKekE2m/NwnDocOVruQFS1/veMgdzuPcnOM34M6CwxW8jH/lxEa5rBoDeUwu5HHTw=="
    },
    "source-map": {
      "version": "0.6.1",
      "resolved": "https://registry.npmjs.org/source-map/-/source-map-0.6.1.tgz",
      "integrity": "sha512-UjgapumWlbMhkBgzT7Ykc5YXUT46F0iKu8SGXq0bcwP5dz/h0Plj6enJqjz1Zbq2l5WaqYnrVbwWOWMyF3F47g=="
    },
    "union": {
      "version": "0.5.0",
      "resolved": "https://artifactsrepository-tc.shared-nonprod.cloud.si.orange.es/artifactory/api/npm/npm-group-repo/union/-/union-0.5.0.tgz",
      "integrity": "sha1-ssEb6E9gU4U3uEbtuboma6AJAHU=",
      "requires": {
        "qs": "^6.4.0"
      }
    },
    "url-join": {
      "version": "2.0.5",
      "resolved": "https://artifactsrepository-tc.shared-nonprod.cloud.si.orange.es/artifactory/api/npm/npm-group-repo/url-join/-/url-join-2.0.5.tgz",
      "integrity": "sha1-WvIvGMBSoACkjXuCxenC4v7tpyg="
    },
    "xxhashjs": {
      "version": "0.2.1",
      "resolved": "https://registry.npmjs.org/xxhashjs/-/xxhashjs-0.2.1.tgz",
      "integrity": "sha1-m76b6JYUKXbfo0wGGy0GjEPTDeA=",
      "requires": {
        "cuint": "^0.2.2"
      }
    }
  }
}
